
Microsoft Visual Studio Solution File, Format Version 12.00
# Visual Studio Version 17
VisualStudioVersion = 17.13.35931.197
MinimumVisualStudioVersion = 10.0.40219.1
Project("{FAE04EC0-301F-11D3-BF4B-00C04F79EFBC}") = "gui", "course\gui.csproj", "{3EED7217-4A4E-4294-83CF-4D16F1AC57D1}"
EndProject
Project("{FAE04EC0-301F-11D3-BF4B-00C04F79EFBC}") = "db", "..\db\db\db.csproj", "{81DC1FB2-8B11-D5D8-6FAE-DE3F422E54AF}"
EndProject
Global
	GlobalSection(SolutionConfigurationPlatforms) = preSolution
		Debug|Any CPU = Debug|Any CPU
		Release|Any CPU = Release|Any CPU
	EndGlobalSection
	GlobalSection(ProjectConfigurationPlatforms) = postSolution
		{3EED7217-4A4E-4294-83CF-4D16F1AC57D1}.Debug|Any CPU.ActiveCfg = Debug|Any CPU
		{3EED7217-4A4E-4294-83CF-4D16F1AC57D1}.Debug|Any CPU.Build.0 = Debug|Any CPU
		{3EED7217-4A4E-4294-83CF-4D16F1AC57D1}.Release|Any CPU.ActiveCfg = Release|Any CPU
		{3EED7217-4A4E-4294-83CF-4D16F1AC57D1}.Release|Any CPU.Build.0 = Release|Any CPU
		{81DC1FB2-8B11-D5D8-6FAE-DE3F422E54AF}.Debug|Any CPU.ActiveCfg = Debug|Any CPU
		{81DC1FB2-8B11-D5D8-6FAE-DE3F422E54AF}.Debug|Any CPU.Build.0 = Debug|Any CPU
		{81DC1FB2-8B11-D5D8-6FAE-DE3F422E54AF}.Release|Any CPU.ActiveCfg = Release|Any CPU
		{81DC1FB2-8B11-D5D8-6FAE-DE3F422E54AF}.Release|Any CPU.Build.0 = Release|Any CPU
	EndGlobalSection
	GlobalSection(SolutionProperties) = preSolution
		HideSolutionNode = FALSE
	EndGlobalSection
	GlobalSection(ExtensibilityGlobals) = postSolution
		SolutionGuid = {CA782C2C-E25C-4FDE-B31E-1068F3A80EAC}
	EndGlobalSection
EndGlobal
