Microsoft Visual Studio Solution File, Format Version 12.00
# Visual Studio Version 17
VisualStudioVersion = 17.5.2.0
MinimumVisualStudioVersion = 10.0.40219.1
Project("{FAE04EC0-301F-11D3-BF4B-00C04F79EFBC}") = "DbAPI", "DbAPI.csproj", "{76D18842-611F-3A20-2A1A-7D8179B1DE9D}"
EndProject
Global
	GlobalSection(SolutionConfigurationPlatforms) = preSolution
		Debug|Any CPU = Debug|Any CPU
		Release|Any CPU = Release|Any CPU
	EndGlobalSection
	GlobalSection(ProjectConfigurationPlatforms) = postSolution
		{76D18842-611F-3A20-2A1A-7D8179B1DE9D}.Debug|Any CPU.ActiveCfg = Debug|Any CPU
		{76D18842-611F-3A20-2A1A-7D8179B1DE9D}.Debug|Any CPU.Build.0 = Debug|Any CPU
		{76D18842-611F-3A20-2A1A-7D8179B1DE9D}.Release|Any CPU.ActiveCfg = Release|Any CPU
		{76D18842-611F-3A20-2A1A-7D8179B1DE9D}.Release|Any CPU.Build.0 = Release|Any CPU
	EndGlobalSection
	GlobalSection(SolutionProperties) = preSolution
		HideSolutionNode = FALSE
	EndGlobalSection
	GlobalSection(ExtensibilityGlobals) = postSolution
		SolutionGuid = {4A6A19BA-A9F1-4DCA-B8CF-E7F824AF19B0}
	EndGlobalSection
EndGlobal
